// !$*UTF8*$!
{
	archiveVersion = 1;
	classes = {
	};
	objectVersion = 46;
	objects = {

/* Begin PBXBuildFile section */
		37113358184E90C200117C86 /* QuartzCore.framework in Frameworks */ = {isa = PBXBuildFile; fileRef = 37113357184E90C200117C86 /* QuartzCore.framework */; };
		37B6E3351846B39C006915BC /* UIKit.framework in Frameworks */ = {isa = PBXBuildFile; fileRef = 37B6E3341846B39C006915BC /* UIKit.framework */; };
		37B6E3371846B39C006915BC /* Foundation.framework in Frameworks */ = {isa = PBXBuildFile; fileRef = 37B6E3361846B39C006915BC /* Foundation.framework */; };
		37B6E3391846B39C006915BC /* CoreGraphics.framework in Frameworks */ = {isa = PBXBuildFile; fileRef = 37B6E3381846B39C006915BC /* CoreGraphics.framework */; };
		37B6E33F1846B39C006915BC /* InfoPlist.strings in Resources */ = {isa = PBXBuildFile; fileRef = 37B6E33D1846B39C006915BC /* InfoPlist.strings */; };
		37B6E3411846B39C006915BC /* main.m in Sources */ = {isa = PBXBuildFile; fileRef = 37B6E3401846B39C006915BC /* main.m */; };
		37B6E3451846B39C006915BC /* CSC470AppDelegate.m in Sources */ = {isa = PBXBuildFile; fileRef = 37B6E3441846B39C006915BC /* CSC470AppDelegate.m */; };
		37B6E3471846B39C006915BC /* Default.png in Resources */ = {isa = PBXBuildFile; fileRef = 37B6E3461846B39C006915BC /* Default.png */; };
		37B6E3491846B39C006915BC /* Default@2x.png in Resources */ = {isa = PBXBuildFile; fileRef = 37B6E3481846B39C006915BC /* Default@2x.png */; };
		37B6E34B1846B39C006915BC /* Default-568h@2x.png in Resources */ = {isa = PBXBuildFile; fileRef = 37B6E34A1846B39C006915BC /* Default-568h@2x.png */; };
		37B6E34E1846B39C006915BC /* MainStoryboard.storyboard in Resources */ = {isa = PBXBuildFile; fileRef = 37B6E34C1846B39C006915BC /* MainStoryboard.storyboard */; };
		37B6E3511846B39C006915BC /* CSC470ViewController.m in Sources */ = {isa = PBXBuildFile; fileRef = 37B6E3501846B39C006915BC /* CSC470ViewController.m */; };
		37B6E35E1846B428006915BC /* SpiderAndSnailBackGround.png in Resources */ = {isa = PBXBuildFile; fileRef = 37B6E3581846B428006915BC /* SpiderAndSnailBackGround.png */; };
		37B6E35F1846B428006915BC /* Spider.png in Resources */ = {isa = PBXBuildFile; fileRef = 37B6E3591846B428006915BC /* Spider.png */; };
		37B6E3601846B428006915BC /* Snail.png in Resources */ = {isa = PBXBuildFile; fileRef = 37B6E35A1846B428006915BC /* Snail.png */; };
		37B6E3611846B428006915BC /* MaggotBomb.png in Resources */ = {isa = PBXBuildFile; fileRef = 37B6E35B1846B428006915BC /* MaggotBomb.png */; };
		37B6E3621846B428006915BC /* background.png in Resources */ = {isa = PBXBuildFile; fileRef = 37B6E35C1846B428006915BC /* background.png */; };
		37B6E3631846B428006915BC /* AntRocket.png in Resources */ = {isa = PBXBuildFile; fileRef = 37B6E35D1846B428006915BC /* AntRocket.png */; };
		37B6E3661846B470006915BC /* CSC470_Agent.m in Sources */ = {isa = PBXBuildFile; fileRef = 37B6E3651846B470006915BC /* CSC470_Agent.m */; };
		37B6E3691846BAF7006915BC /* CSC470_Hero.m in Sources */ = {isa = PBXBuildFile; fileRef = 37B6E3681846BAF7006915BC /* CSC470_Hero.m */; };
		37B6E36C1846BC13006915BC /* CSC470_spider.m in Sources */ = {isa = PBXBuildFile; fileRef = 37B6E36B1846BC13006915BC /* CSC470_spider.m */; };
		37B6E36F1846BCCE006915BC /* CSC470_rocketAnt.m in Sources */ = {isa = PBXBuildFile; fileRef = 37B6E36E1846BCCE006915BC /* CSC470_rocketAnt.m */; };
		37B6E3721846BE8C006915BC /* CSC470_Level.m in Sources */ = {isa = PBXBuildFile; fileRef = 37B6E3711846BE8C006915BC /* CSC470_Level.m */; };
		37CBA2BE184AD89300DF6AC0 /* AntRocketDead.png in Resources */ = {isa = PBXBuildFile; fileRef = 37CBA2BA184AD89300DF6AC0 /* AntRocketDead.png */; };
		37CBA2BF184AD89300DF6AC0 /* MaggotBombDead.png in Resources */ = {isa = PBXBuildFile; fileRef = 37CBA2BB184AD89300DF6AC0 /* MaggotBombDead.png */; };
		37CBA2C0184AD89300DF6AC0 /* SpiderDead.png in Resources */ = {isa = PBXBuildFile; fileRef = 37CBA2BC184AD89300DF6AC0 /* SpiderDead.png */; };
		37CBA2C1184AD89300DF6AC0 /* SnailDead.png in Resources */ = {isa = PBXBuildFile; fileRef = 37CBA2BD184AD89300DF6AC0 /* SnailDead.png */; };
/* End PBXBuildFile section */

/* Begin PBXFileReference section */
		37113357184E90C200117C86 /* QuartzCore.framework */ = {isa = PBXFileReference; lastKnownFileType = wrapper.framework; name = QuartzCore.framework; path = System/Library/Frameworks/QuartzCore.framework; sourceTree = SDKROOT; };
		37B6E3311846B39C006915BC /* SnailsVsSpiders.app */ = {isa = PBXFileReference; explicitFileType = wrapper.application; includeInIndex = 0; path = SnailsVsSpiders.app; sourceTree = BUILT_PRODUCTS_DIR; };
		37B6E3341846B39C006915BC /* UIKit.framework */ = {isa = PBXFileReference; lastKnownFileType = wrapper.framework; name = UIKit.framework; path = System/Library/Frameworks/UIKit.framework; sourceTree = SDKROOT; };
		37B6E3361846B39C006915BC /* Foundation.framework */ = {isa = PBXFileReference; lastKnownFileType = wrapper.framework; name = Foundation.framework; path = System/Library/Frameworks/Foundation.framework; sourceTree = SDKROOT; };
		37B6E3381846B39C006915BC /* CoreGraphics.framework */ = {isa = PBXFileReference; lastKnownFileType = wrapper.framework; name = CoreGraphics.framework; path = System/Library/Frameworks/CoreGraphics.framework; sourceTree = SDKROOT; };
		37B6E33C1846B39C006915BC /* SnailsVsSpiders-Info.plist */ = {isa = PBXFileReference; lastKnownFileType = text.plist.xml; path = "SnailsVsSpiders-Info.plist"; sourceTree = "<group>"; };
		37B6E33E1846B39C006915BC /* en */ = {isa = PBXFileReference; lastKnownFileType = text.plist.strings; name = en; path = en.lproj/InfoPlist.strings; sourceTree = "<group>"; };
		37B6E3401846B39C006915BC /* main.m */ = {isa = PBXFileReference; lastKnownFileType = sourcecode.c.objc; path = main.m; sourceTree = "<group>"; };
		37B6E3421846B39C006915BC /* SnailsVsSpiders-Prefix.pch */ = {isa = PBXFileReference; lastKnownFileType = sourcecode.c.h; path = "SnailsVsSpiders-Prefix.pch"; sourceTree = "<group>"; };
		37B6E3431846B39C006915BC /* CSC470AppDelegate.h */ = {isa = PBXFileReference; lastKnownFileType = sourcecode.c.h; path = CSC470AppDelegate.h; sourceTree = "<group>"; };
		37B6E3441846B39C006915BC /* CSC470AppDelegate.m */ = {isa = PBXFileReference; lastKnownFileType = sourcecode.c.objc; path = CSC470AppDelegate.m; sourceTree = "<group>"; };
		37B6E3461846B39C006915BC /* Default.png */ = {isa = PBXFileReference; lastKnownFileType = image.png; path = Default.png; sourceTree = "<group>"; };
		37B6E3481846B39C006915BC /* Default@2x.png */ = {isa = PBXFileReference; lastKnownFileType = image.png; path = "Default@2x.png"; sourceTree = "<group>"; };
		37B6E34A1846B39C006915BC /* Default-568h@2x.png */ = {isa = PBXFileReference; lastKnownFileType = image.png; path = "Default-568h@2x.png"; sourceTree = "<group>"; };
		37B6E34D1846B39C006915BC /* en */ = {isa = PBXFileReference; lastKnownFileType = file.storyboard; name = en; path = en.lproj/MainStoryboard.storyboard; sourceTree = "<group>"; };
		37B6E34F1846B39C006915BC /* CSC470ViewController.h */ = {isa = PBXFileReference; lastKnownFileType = sourcecode.c.h; path = CSC470ViewController.h; sourceTree = "<group>"; };
		37B6E3501846B39C006915BC /* CSC470ViewController.m */ = {isa = PBXFileReference; lastKnownFileType = sourcecode.c.objc; path = CSC470ViewController.m; sourceTree = "<group>"; };
		37B6E3581846B428006915BC /* SpiderAndSnailBackGround.png */ = {isa = PBXFileReference; lastKnownFileType = image.png; path = SpiderAndSnailBackGround.png; sourceTree = "<group>"; };
		37B6E3591846B428006915BC /* Spider.png */ = {isa = PBXFileReference; lastKnownFileType = image.png; path = Spider.png; sourceTree = "<group>"; };
		37B6E35A1846B428006915BC /* Snail.png */ = {isa = PBXFileReference; lastKnownFileType = image.png; path = Snail.png; sourceTree = "<group>"; };
		37B6E35B1846B428006915BC /* MaggotBomb.png */ = {isa = PBXFileReference; lastKnownFileType = image.png; path = MaggotBomb.png; sourceTree = "<group>"; };
		37B6E35C1846B428006915BC /* background.png */ = {isa = PBXFileReference; lastKnownFileType = image.png; path = background.png; sourceTree = "<group>"; };
		37B6E35D1846B428006915BC /* AntRocket.png */ = {isa = PBXFileReference; lastKnownFileType = image.png; path = AntRocket.png; sourceTree = "<group>"; };
		37B6E3641846B470006915BC /* CSC470_Agent.h */ = {isa = PBXFileReference; fileEncoding = 4; lastKnownFileType = sourcecode.c.h; path = CSC470_Agent.h; sourceTree = "<group>"; };
		37B6E3651846B470006915BC /* CSC470_Agent.m */ = {isa = PBXFileReference; fileEncoding = 4; lastKnownFileType = sourcecode.c.objc; path = CSC470_Agent.m; sourceTree = "<group>"; };
		37B6E3671846BAF7006915BC /* CSC470_Hero.h */ = {isa = PBXFileReference; fileEncoding = 4; lastKnownFileType = sourcecode.c.h; path = CSC470_Hero.h; sourceTree = "<group>"; };
		37B6E3681846BAF7006915BC /* CSC470_Hero.m */ = {isa = PBXFileReference; fileEncoding = 4; lastKnownFileType = sourcecode.c.objc; path = CSC470_Hero.m; sourceTree = "<group>"; };
		37B6E36A1846BC13006915BC /* CSC470_spider.h */ = {isa = PBXFileReference; fileEncoding = 4; lastKnownFileType = sourcecode.c.h; path = CSC470_spider.h; sourceTree = "<group>"; };
		37B6E36B1846BC13006915BC /* CSC470_spider.m */ = {isa = PBXFileReference; fileEncoding = 4; lastKnownFileType = sourcecode.c.objc; path = CSC470_spider.m; sourceTree = "<group>"; };
		37B6E36D1846BCCE006915BC /* CSC470_rocketAnt.h */ = {isa = PBXFileReference; fileEncoding = 4; lastKnownFileType = sourcecode.c.h; path = CSC470_rocketAnt.h; sourceTree = "<group>"; };
		37B6E36E1846BCCE006915BC /* CSC470_rocketAnt.m */ = {isa = PBXFileReference; fileEncoding = 4; lastKnownFileType = sourcecode.c.objc; path = CSC470_rocketAnt.m; sourceTree = "<group>"; };
		37B6E3701846BE8C006915BC /* CSC470_Level.h */ = {isa = PBXFileReference; fileEncoding = 4; lastKnownFileType = sourcecode.c.h; path = CSC470_Level.h; sourceTree = "<group>"; };
		37B6E3711846BE8C006915BC /* CSC470_Level.m */ = {isa = PBXFileReference; fileEncoding = 4; lastKnownFileType = sourcecode.c.objc; path = CSC470_Level.m; sourceTree = "<group>"; };
		37CBA2BA184AD89300DF6AC0 /* AntRocketDead.png */ = {isa = PBXFileReference; lastKnownFileType = image.png; path = AntRocketDead.png; sourceTree = "<group>"; };
		37CBA2BB184AD89300DF6AC0 /* MaggotBombDead.png */ = {isa = PBXFileReference; lastKnownFileType = image.png; path = MaggotBombDead.png; sourceTree = "<group>"; };
		37CBA2BC184AD89300DF6AC0 /* SpiderDead.png */ = {isa = PBXFileReference; lastKnownFileType = image.png; path = SpiderDead.png; sourceTree = "<group>"; };
		37CBA2BD184AD89300DF6AC0 /* SnailDead.png */ = {isa = PBXFileReference; lastKnownFileType = image.png; path = SnailDead.png; sourceTree = "<group>"; };
/* End PBXFileReference section */

/* Begin PBXFrameworksBuildPhase section */
		37B6E32E1846B39C006915BC /* Frameworks */ = {
			isa = PBXFrameworksBuildPhase;
			buildActionMask = 2147483647;
			files = (
				37113358184E90C200117C86 /* QuartzCore.framework in Frameworks */,
				37B6E3351846B39C006915BC /* UIKit.framework in Frameworks */,
				37B6E3371846B39C006915BC /* Foundation.framework in Frameworks */,
				37B6E3391846B39C006915BC /* CoreGraphics.framework in Frameworks */,
			);
			runOnlyForDeploymentPostprocessing = 0;
		};
/* End PBXFrameworksBuildPhase section */

/* Begin PBXGroup section */
		37B6E3281846B39C006915BC = {
			isa = PBXGroup;
			children = (
				37B6E33A1846B39C006915BC /* SnailsVsSpiders */,
				37B6E3331846B39C006915BC /* Frameworks */,
				37B6E3321846B39C006915BC /* Products */,
			);
			sourceTree = "<group>";
		};
		37B6E3321846B39C006915BC /* Products */ = {
			isa = PBXGroup;
			children = (
				37B6E3311846B39C006915BC /* SnailsVsSpiders.app */,
			);
			name = Products;
			sourceTree = "<group>";
		};
		37B6E3331846B39C006915BC /* Frameworks */ = {
			isa = PBXGroup;
			children = (
				37113357184E90C200117C86 /* QuartzCore.framework */,
				37B6E3341846B39C006915BC /* UIKit.framework */,
				37B6E3361846B39C006915BC /* Foundation.framework */,
				37B6E3381846B39C006915BC /* CoreGraphics.framework */,
			);
			name = Frameworks;
			sourceTree = "<group>";
		};
		37B6E33A1846B39C006915BC /* SnailsVsSpiders */ = {
			isa = PBXGroup;
			children = (
				37B6E3431846B39C006915BC /* CSC470AppDelegate.h */,
				37B6E3441846B39C006915BC /* CSC470AppDelegate.m */,
				37B6E34C1846B39C006915BC /* MainStoryboard.storyboard */,
				37B6E3701846BE8C006915BC /* CSC470_Level.h */,
				37B6E3711846BE8C006915BC /* CSC470_Level.m */,
				37B6E3641846B470006915BC /* CSC470_Agent.h */,
				37B6E3651846B470006915BC /* CSC470_Agent.m */,
				37B6E3671846BAF7006915BC /* CSC470_Hero.h */,
				37B6E3681846BAF7006915BC /* CSC470_Hero.m */,
				37B6E36A1846BC13006915BC /* CSC470_spider.h */,
				37B6E36B1846BC13006915BC /* CSC470_spider.m */,
				37B6E36D1846BCCE006915BC /* CSC470_rocketAnt.h */,
				37B6E36E1846BCCE006915BC /* CSC470_rocketAnt.m */,
				37B6E34F1846B39C006915BC /* CSC470ViewController.h */,
				37B6E3501846B39C006915BC /* CSC470ViewController.m */,
				37B6E33B1846B39C006915BC /* Supporting Files */,
			);
			path = SnailsVsSpiders;
			sourceTree = "<group>";
		};
		37B6E33B1846B39C006915BC /* Supporting Files */ = {
			isa = PBXGroup;
			children = (
				37CBA2BA184AD89300DF6AC0 /* AntRocketDead.png */,
				37CBA2BB184AD89300DF6AC0 /* MaggotBombDead.png */,
				37CBA2BC184AD89300DF6AC0 /* SpiderDead.png */,
				37CBA2BD184AD89300DF6AC0 /* SnailDead.png */,
				37B6E3581846B428006915BC /* SpiderAndSnailBackGround.png */,
				37B6E3591846B428006915BC /* Spider.png */,
				37B6E35A1846B428006915BC /* Snail.png */,
				37B6E35B1846B428006915BC /* MaggotBomb.png */,
				37B6E35C1846B428006915BC /* background.png */,
				37B6E35D1846B428006915BC /* AntRocket.png */,
				37B6E33C1846B39C006915BC /* SnailsVsSpiders-Info.plist */,
				37B6E33D1846B39C006915BC /* InfoPlist.strings */,
				37B6E3401846B39C006915BC /* main.m */,
				37B6E3421846B39C006915BC /* SnailsVsSpiders-Prefix.pch */,
				37B6E3461846B39C006915BC /* Default.png */,
				37B6E3481846B39C006915BC /* Default@2x.png */,
				37B6E34A1846B39C006915BC /* Default-568h@2x.png */,
			);
			name = "Supporting Files";
			sourceTree = "<group>";
		};
/* End PBXGroup section */

/* Begin PBXNativeTarget section */
		37B6E3301846B39C006915BC /* SnailsVsSpiders */ = {
			isa = PBXNativeTarget;
			buildConfigurationList = 37B6E3541846B39C006915BC /* Build configuration list for PBXNativeTarget "SnailsVsSpiders" */;
			buildPhases = (
				37B6E32D1846B39C006915BC /* Sources */,
				37B6E32E1846B39C006915BC /* Frameworks */,
				37B6E32F1846B39C006915BC /* Resources */,
			);
			buildRules = (
			);
			dependencies = (
			);
			name = SnailsVsSpiders;
			productName = SnailsVsSpiders;
			productReference = 37B6E3311846B39C006915BC /* SnailsVsSpiders.app */;
			productType = "com.apple.product-type.application";
		};
/* End PBXNativeTarget section */

/* Begin PBXProject section */
		37B6E3291846B39C006915BC /* Project object */ = {
			isa = PBXProject;
			attributes = {
				CLASSPREFIX = CSC470;
				LastUpgradeCheck = 0460;
				ORGANIZATIONNAME = "Joe Jones";
			};
			buildConfigurationList = 37B6E32C1846B39C006915BC /* Build configuration list for PBXProject "SnailsVsSpiders" */;
			compatibilityVersion = "Xcode 3.2";
			developmentRegion = English;
			hasScannedForEncodings = 0;
			knownRegions = (
				en,
			);
			mainGroup = 37B6E3281846B39C006915BC;
			productRefGroup = 37B6E3321846B39C006915BC /* Products */;
			projectDirPath = "";
			projectRoot = "";
			targets = (
				37B6E3301846B39C006915BC /* SnailsVsSpiders */,
			);
		};
/* End PBXProject section */

/* Begin PBXResourcesBuildPhase section */
		37B6E32F1846B39C006915BC /* Resources */ = {
			isa = PBXResourcesBuildPhase;
			buildActionMask = 2147483647;
			files = (
				37B6E33F1846B39C006915BC /* InfoPlist.strings in Resources */,
				37B6E3471846B39C006915BC /* Default.png in Resources */,
				37B6E3491846B39C006915BC /* Default@2x.png in Resources */,
				37B6E34B1846B39C006915BC /* Default-568h@2x.png in Resources */,
				37B6E34E1846B39C006915BC /* MainStoryboard.storyboard in Resources */,
				37B6E35E1846B428006915BC /* SpiderAndSnailBackGround.png in Resources */,
				37B6E35F1846B428006915BC /* Spider.png in Resources */,
				37B6E3601846B428006915BC /* Snail.png in Resources */,
				37B6E3611846B428006915BC /* MaggotBomb.png in Resources */,
				37B6E3621846B428006915BC /* background.png in Resources */,
				37B6E3631846B428006915BC /* AntRocket.png in Resources */,
				37CBA2BE184AD89300DF6AC0 /* AntRocketDead.png in Resources */,
				37CBA2BF184AD89300DF6AC0 /* MaggotBombDead.png in Resources */,
				37CBA2C0184AD89300DF6AC0 /* SpiderDead.png in Resources */,
				37CBA2C1184AD89300DF6AC0 /* SnailDead.png in Resources */,
			);
			runOnlyForDeploymentPostprocessing = 0;
		};
/* End PBXResourcesBuildPhase section */

/* Begin PBXSourcesBuildPhase section */
		37B6E32D1846B39C006915BC /* Sources */ = {
			isa = PBXSourcesBuildPhase;
			buildActionMask = 2147483647;
			files = (
				37B6E3411846B39C006915BC /* main.m in Sources */,
				37B6E3451846B39C006915BC /* CSC470AppDelegate.m in Sources */,
				37B6E3511846B39C006915BC /* CSC470ViewController.m in Sources */,
				37B6E3661846B470006915BC /* CSC470_Agent.m in Sources */,
				37B6E3691846BAF7006915BC /* CSC470_Hero.m in Sources */,
				37B6E36C1846BC13006915BC /* CSC470_spider.m in Sources */,
				37B6E36F1846BCCE006915BC /* CSC470_rocketAnt.m in Sources */,
				37B6E3721846BE8C006915BC /* CSC470_Level.m in Sources */,
			);
			runOnlyForDeploymentPostprocessing = 0;
		};
/* End PBXSourcesBuildPhase section */

/* Begin PBXVariantGroup section */
		37B6E33D1846B39C006915BC /* InfoPlist.strings */ = {
			isa = PBXVariantGroup;
			children = (
				37B6E33E1846B39C006915BC /* en */,
			);
			name = InfoPlist.strings;
			sourceTree = "<group>";
		};
		37B6E34C1846B39C006915BC /* MainStoryboard.storyboard */ = {
			isa = PBXVariantGroup;
			children = (
				37B6E34D1846B39C006915BC /* en */,
			);
			name = MainStoryboard.storyboard;
			sourceTree = "<group>";
		};
/* End PBXVariantGroup section */

/* Begin XCBuildConfiguration section */
		37B6E3521846B39C006915BC /* Debug */ = {
			isa = XCBuildConfiguration;
			buildSettings = {
				ALWAYS_SEARCH_USER_PATHS = NO;
				CLANG_CXX_LANGUAGE_STANDARD = "gnu++0x";
				CLANG_CXX_LIBRARY = "libc++";
				CLANG_ENABLE_OBJC_ARC = YES;
				CLANG_WARN_CONSTANT_CONVERSION = YES;
				CLANG_WARN_EMPTY_BODY = YES;
				CLANG_WARN_ENUM_CONVERSION = YES;
				CLANG_WARN_INT_CONVERSION = YES;
				CLANG_WARN__DUPLICATE_METHOD_MATCH = YES;
				"CODE_SIGN_IDENTITY[sdk=iphoneos*]" = "iPhone Developer";
				COPY_PHASE_STRIP = NO;
				GCC_C_LANGUAGE_STANDARD = gnu99;
				GCC_DYNAMIC_NO_PIC = NO;
				GCC_OPTIMIZATION_LEVEL = 0;
				GCC_PREPROCESSOR_DEFINITIONS = (
					"DEBUG=1",
					"$(inherited)",
				);
				GCC_SYMBOLS_PRIVATE_EXTERN = NO;
				GCC_WARN_ABOUT_RETURN_TYPE = YES;
				GCC_WARN_UNINITIALIZED_AUTOS = YES;
				GCC_WARN_UNUSED_VARIABLE = YES;
				IPHONEOS_DEPLOYMENT_TARGET = 6.1;
				ONLY_ACTIVE_ARCH = YES;
				SDKROOT = iphoneos;
			};
			name = Debug;
		};
		37B6E3531846B39C006915BC /* Release */ = {
			isa = XCBuildConfiguration;
			buildSettings = {
				ALWAYS_SEARCH_USER_PATHS = NO;
				CLANG_CXX_LANGUAGE_STANDARD = "gnu++0x";
				CLANG_CXX_LIBRARY = "libc++";
				CLANG_ENABLE_OBJC_ARC = YES;
				CLANG_WARN_CONSTANT_CONVERSION = YES;
				CLANG_WARN_EMPTY_BODY = YES;
				CLANG_WARN_ENUM_CONVERSION = YES;
				CLANG_WARN_INT_CONVERSION = YES;
				CLANG_WARN__DUPLICATE_METHOD_MATCH = YES;
				"CODE_SIGN_IDENTITY[sdk=iphoneos*]" = "iPhone Developer";
				COPY_PHASE_STRIP = YES;
				GCC_C_LANGUAGE_STANDARD = gnu99;
				GCC_WARN_ABOUT_RETURN_TYPE = YES;
				GCC_WARN_UNINITIALIZED_AUTOS = YES;
				GCC_WARN_UNUSED_VARIABLE = YES;
				IPHONEOS_DEPLOYMENT_TARGET = 6.1;
				OTHER_CFLAGS = "-DNS_BLOCK_ASSERTIONS=1";
				SDKROOT = iphoneos;
				VALIDATE_PRODUCT = YES;
			};
			name = Release;
		};
		37B6E3551846B39C006915BC /* Debug */ = {
			isa = XCBuildConfiguration;
			buildSettings = {
				GCC_PRECOMPILE_PREFIX_HEADER = YES;
				GCC_PREFIX_HEADER = "SnailsVsSpiders/SnailsVsSpiders-Prefix.pch";
				INFOPLIST_FILE = "SnailsVsSpiders/SnailsVsSpiders-Info.plist";
				PRODUCT_NAME = "$(TARGET_NAME)";
				WRAPPER_EXTENSION = app;
			};
			name = Debug;
		};
		37B6E3561846B39C006915BC /* Release */ = {
			isa = XCBuildConfiguration;
			buildSettings = {
				GCC_PRECOMPILE_PREFIX_HEADER = YES;
				GCC_PREFIX_HEADER = "SnailsVsSpiders/SnailsVsSpiders-Prefix.pch";
				INFOPLIST_FILE = "SnailsVsSpiders/SnailsVsSpiders-Info.plist";
				PRODUCT_NAME = "$(TARGET_NAME)";
				WRAPPER_EXTENSION = app;
			};
			name = Release;
		};
/* End XCBuildConfiguration section */

/* Begin XCConfigurationList section */
		37B6E32C1846B39C006915BC /* Build configuration list for PBXProject "SnailsVsSpiders" */ = {
			isa = XCConfigurationList;
			buildConfigurations = (
				37B6E3521846B39C006915BC /* Debug */,
				37B6E3531846B39C006915BC /* Release */,
			);
			defaultConfigurationIsVisible = 0;
			defaultConfigurationName = Release;
		};
		37B6E3541846B39C006915BC /* Build configuration list for PBXNativeTarget "SnailsVsSpiders" */ = {
			isa = XCConfigurationList;
			buildConfigurations = (
				37B6E3551846B39C006915BC /* Debug */,
				37B6E3561846B39C006915BC /* Release */,
			);
			defaultConfigurationIsVisible = 0;
			defaultConfigurationName = Release;
		};
/* End XCConfigurationList section */
	};
	rootObject = 37B6E3291846B39C006915BC /* Project object */;
}
